
Microsoft Visual Studio Solution File, Format Version 12.00
# Visual Studio Version 17
VisualStudioVersion = 17.8.34322.80
MinimumVisualStudioVersion = 10.0.40219.1
Project("{8BC9CEB8-8B4A-11D0-8D11-00A0C91BC942}") = "ADS_CA2", "ADS_CA2\ADS_CA2.vcxproj", "{0CDA3A10-DE09-432E-A504-4CAB8E222D92}"
EndProject
Project("{8BC9CEB8-8B4A-11D0-8D11-00A0C91BC942}") = "ADS_CA2_TEST", "ADS_CA2_TEST\ADS_CA2_TEST.vcxproj", "{30C1A3F7-B113-4949-A0B5-F3E70A05B2FC}"
EndProject
Global
	GlobalSection(SolutionConfigurationPlatforms) = preSolution
		Debug|x64 = Debug|x64
		Debug|x86 = Debug|x86
		Release|x64 = Release|x64
		Release|x86 = Release|x86
	EndGlobalSection
	GlobalSection(ProjectConfigurationPlatforms) = postSolution
		{0CDA3A10-DE09-432E-A504-4CAB8E222D92}.Debug|x64.ActiveCfg = Debug|x64
		{0CDA3A10-DE09-432E-A504-4CAB8E222D92}.Debug|x64.Build.0 = Debug|x64
		{0CDA3A10-DE09-432E-A504-4CAB8E222D92}.Debug|x86.ActiveCfg = Debug|Win32
		{0CDA3A10-DE09-432E-A504-4CAB8E222D92}.Debug|x86.Build.0 = Debug|Win32
		{0CDA3A10-DE09-432E-A504-4CAB8E222D92}.Release|x64.ActiveCfg = Release|x64
		{0CDA3A10-DE09-432E-A504-4CAB8E222D92}.Release|x64.Build.0 = Release|x64
		{0CDA3A10-DE09-432E-A504-4CAB8E222D92}.Release|x86.ActiveCfg = Release|Win32
		{0CDA3A10-DE09-432E-A504-4CAB8E222D92}.Release|x86.Build.0 = Release|Win32
		{30C1A3F7-B113-4949-A0B5-F3E70A05B2FC}.Debug|x64.ActiveCfg = Debug|x64
		{30C1A3F7-B113-4949-A0B5-F3E70A05B2FC}.Debug|x64.Build.0 = Debug|x64
		{30C1A3F7-B113-4949-A0B5-F3E70A05B2FC}.Debug|x86.ActiveCfg = Debug|Win32
		{30C1A3F7-B113-4949-A0B5-F3E70A05B2FC}.Debug|x86.Build.0 = Debug|Win32
		{30C1A3F7-B113-4949-A0B5-F3E70A05B2FC}.Release|x64.ActiveCfg = Release|x64
		{30C1A3F7-B113-4949-A0B5-F3E70A05B2FC}.Release|x64.Build.0 = Release|x64
		{30C1A3F7-B113-4949-A0B5-F3E70A05B2FC}.Release|x86.ActiveCfg = Release|Win32
		{30C1A3F7-B113-4949-A0B5-F3E70A05B2FC}.Release|x86.Build.0 = Release|Win32
	EndGlobalSection
	GlobalSection(SolutionProperties) = preSolution
		HideSolutionNode = FALSE
	EndGlobalSection
	GlobalSection(ExtensibilityGlobals) = postSolution
		SolutionGuid = {DD7F21FA-BEB9-444B-971C-51CC334EE133}
	EndGlobalSection
EndGlobal
